
Microsoft Visual Studio Solution File, Format Version 12.00
# Visual Studio Version 17
VisualStudioVersion = 17.11.35327.3
MinimumVisualStudioVersion = 10.0.40219.1
Project("{FAE04EC0-301F-11D3-BF4B-00C04F79EFBC}") = "openCv_uvc", "openCv_uvc\openCv_uvc.csproj", "{278976E9-4C18-4181-A8C9-1F21B6D8ECC0}"
EndProject
Global
	GlobalSection(SolutionConfigurationPlatforms) = preSolution
		Debug|Any CPU = Debug|Any CPU
		Release|Any CPU = Release|Any CPU
	EndGlobalSection
	GlobalSection(ProjectConfigurationPlatforms) = postSolution
		{278976E9-4C18-4181-A8C9-1F21B6D8ECC0}.Debug|Any CPU.ActiveCfg = Debug|Any CPU
		{278976E9-4C18-4181-A8C9-1F21B6D8ECC0}.Debug|Any CPU.Build.0 = Debug|Any CPU
		{278976E9-4C18-4181-A8C9-1F21B6D8ECC0}.Release|Any CPU.ActiveCfg = Release|Any CPU
		{278976E9-4C18-4181-A8C9-1F21B6D8ECC0}.Release|Any CPU.Build.0 = Release|Any CPU
	EndGlobalSection
	GlobalSection(SolutionProperties) = preSolution
		HideSolutionNode = FALSE
	EndGlobalSection
	GlobalSection(ExtensibilityGlobals) = postSolution
		SolutionGuid = {07CFD87F-B750-4F62-8E16-BD3C16E5067A}
	EndGlobalSection
EndGlobal
